
Microsoft Visual Studio Solution File, Format Version 12.00
# Visual Studio 15
VisualStudioVersion = 15.0.28307.421
MinimumVisualStudioVersion = 10.0.40219.1
Project("{FAE04EC0-301F-11D3-BF4B-00C04F79EFBC}") = "EditorTrialsRandomiser", "EditorTrialsRandomiser\EditorTrialsRandomiser.csproj", "{CC3E66DF-9D78-49EC-8C54-9E75AE298BAE}"
EndProject
Project("{FAE04EC0-301F-11D3-BF4B-00C04F79EFBC}") = "EditorTrialsDecryptor", "EditorTrialsDecryptor\EditorTrialsDecryptor.csproj", "{67638C7C-05EF-4DF5-B403-9601B9174608}"
EndProject
Global
	GlobalSection(SolutionConfigurationPlatforms) = preSolution
		Debug|Any CPU = Debug|Any CPU
		Release|Any CPU = Release|Any CPU
	EndGlobalSection
	GlobalSection(ProjectConfigurationPlatforms) = postSolution
		{CC3E66DF-9D78-49EC-8C54-9E75AE298BAE}.Debug|Any CPU.ActiveCfg = Debug|Any CPU
		{CC3E66DF-9D78-49EC-8C54-9E75AE298BAE}.Debug|Any CPU.Build.0 = Debug|Any CPU
		{CC3E66DF-9D78-49EC-8C54-9E75AE298BAE}.Release|Any CPU.ActiveCfg = Release|Any CPU
		{CC3E66DF-9D78-49EC-8C54-9E75AE298BAE}.Release|Any CPU.Build.0 = Release|Any CPU
		{67638C7C-05EF-4DF5-B403-9601B9174608}.Debug|Any CPU.ActiveCfg = Debug|Any CPU
		{67638C7C-05EF-4DF5-B403-9601B9174608}.Debug|Any CPU.Build.0 = Debug|Any CPU
		{67638C7C-05EF-4DF5-B403-9601B9174608}.Release|Any CPU.ActiveCfg = Release|Any CPU
		{67638C7C-05EF-4DF5-B403-9601B9174608}.Release|Any CPU.Build.0 = Release|Any CPU
	EndGlobalSection
	GlobalSection(SolutionProperties) = preSolution
		HideSolutionNode = FALSE
	EndGlobalSection
	GlobalSection(ExtensibilityGlobals) = postSolution
		SolutionGuid = {90157712-682E-4F93-B6AD-85C9253FA40A}
	EndGlobalSection
EndGlobal
